
Microsoft Visual Studio Solution File, Format Version 12.00
# Visual Studio 15
Project("{FAE04EC0-301F-11D3-BF4B-00C04F79EFBC}") = "UnityEngine.TestRunner", "UnityEngine.TestRunner.csproj", "{DAAAD43F-C8B0-9B79-1F2C-66890DF5FE44}"
EndProject
Project("{FAE04EC0-301F-11D3-BF4B-00C04F79EFBC}") = "Unity.Timeline", "Unity.Timeline.csproj", "{1025CA81-C302-30DD-8038-8C1A1BFD21D1}"
EndProject
Project("{FAE04EC0-301F-11D3-BF4B-00C04F79EFBC}") = "UnityEngine.UI", "UnityEngine.UI.csproj", "{4F3B20AA-59BB-8D44-5B7A-758FF451B448}"
EndProject
Project("{FAE04EC0-301F-11D3-BF4B-00C04F79EFBC}") = "Assembly-CSharp", "Assembly-CSharp.csproj", "{9EEE3AE0-6D9F-D337-6AE5-5B468883CF82}"
EndProject
Project("{FAE04EC0-301F-11D3-BF4B-00C04F79EFBC}") = "Unity.TextMeshPro", "Unity.TextMeshPro.csproj", "{E8D6DA82-6581-5F5C-3188-7318D2719EBB}"
EndProject
Project("{FAE04EC0-301F-11D3-BF4B-00C04F79EFBC}") = "UnityEditor.TestRunner", "UnityEditor.TestRunner.csproj", "{3F995679-D2E9-2E01-2364-F0D139273380}"
EndProject
Project("{FAE04EC0-301F-11D3-BF4B-00C04F79EFBC}") = "Unity.PlasticSCM.Editor", "Unity.PlasticSCM.Editor.csproj", "{BB828DB3-E43F-5BC4-7BAA-5241C954B8D4}"
EndProject
Project("{FAE04EC0-301F-11D3-BF4B-00C04F79EFBC}") = "UnityEditor.UI", "UnityEditor.UI.csproj", "{8F4A4127-174D-06B5-B83A-055436452C10}"
EndProject
Project("{FAE04EC0-301F-11D3-BF4B-00C04F79EFBC}") = "Unity.Services.Core.Editor", "Unity.Services.Core.Editor.csproj", "{CF7C7C65-64D7-3DB6-693B-7A9A26358006}"
EndProject
Project("{FAE04EC0-301F-11D3-BF4B-00C04F79EFBC}") = "Unity.Timeline.Editor", "Unity.Timeline.Editor.csproj", "{ED61770E-730D-7192-4A60-988CD78F88FE}"
EndProject
Project("{FAE04EC0-301F-11D3-BF4B-00C04F79EFBC}") = "Unity.VisualStudio.Editor", "Unity.VisualStudio.Editor.csproj", "{5842F4D3-D4D7-C736-FAE3-B4D013D7AB5C}"
EndProject
Project("{FAE04EC0-301F-11D3-BF4B-00C04F79EFBC}") = "Unity.TextMeshPro.Editor", "Unity.TextMeshPro.Editor.csproj", "{6E200938-8FA8-05B5-8153-4DECFC92B8BA}"
EndProject
Project("{FAE04EC0-301F-11D3-BF4B-00C04F79EFBC}") = "Unity.CollabProxy.Editor", "Unity.CollabProxy.Editor.csproj", "{ECD500DA-333A-7345-58C7-C35FEA6BC51C}"
EndProject
Project("{FAE04EC0-301F-11D3-BF4B-00C04F79EFBC}") = "Unity.Rider.Editor", "Unity.Rider.Editor.csproj", "{A6F7BFE3-277A-D813-F8D4-47E194526E39}"
EndProject
Project("{FAE04EC0-301F-11D3-BF4B-00C04F79EFBC}") = "Unity.VSCode.Editor", "Unity.VSCode.Editor.csproj", "{EAA3A662-D145-EE6D-0FB8-0E2CA3B05059}"
EndProject
Project("{FAE04EC0-301F-11D3-BF4B-00C04F79EFBC}") = "UnityEngine.TestRunner", "UnityEngine.TestRunner.Player.csproj", "{CA1F19AF-9733-BA70-27AD-B1C24E51B921}"
EndProject
Project("{FAE04EC0-301F-11D3-BF4B-00C04F79EFBC}") = "Unity.Timeline", "Unity.Timeline.Player.csproj", "{3B328D67-101E-FF76-ACDC-F54E8BB352C9}"
EndProject
Project("{FAE04EC0-301F-11D3-BF4B-00C04F79EFBC}") = "UnityEngine.UI", "UnityEngine.UI.Player.csproj", "{DE69C5F4-5CF9-8758-F707-39B20BD72467}"
EndProject
Project("{FAE04EC0-301F-11D3-BF4B-00C04F79EFBC}") = "Assembly-CSharp", "Assembly-CSharp.Player.csproj", "{33BCD188-354B-73EB-DC48-CD612764BF63}"
EndProject
Project("{FAE04EC0-301F-11D3-BF4B-00C04F79EFBC}") = "Unity.TextMeshPro", "Unity.TextMeshPro.Player.csproj", "{CC9C944E-4D4F-2A0E-DA3B-5B2662AE8892}"
EndProject
Global
	GlobalSection(SolutionConfigurationPlatforms) = preSolution
		Debug|Any CPU = Debug|Any CPU
		Release|Any CPU = Release|Any CPU
	EndGlobalSection
	GlobalSection(ProjectConfigurationPlatforms) = postSolution
		{DAAAD43F-C8B0-9B79-1F2C-66890DF5FE44}.Debug|Any CPU.ActiveCfg = Debug|Any CPU
		{DAAAD43F-C8B0-9B79-1F2C-66890DF5FE44}.Debug|Any CPU.Build.0 = Debug|Any CPU
		{DAAAD43F-C8B0-9B79-1F2C-66890DF5FE44}.Release|Any CPU.ActiveCfg = Release|Any CPU
		{DAAAD43F-C8B0-9B79-1F2C-66890DF5FE44}.Release|Any CPU.Build.0 = Release|Any CPU
		{1025CA81-C302-30DD-8038-8C1A1BFD21D1}.Debug|Any CPU.ActiveCfg = Debug|Any CPU
		{1025CA81-C302-30DD-8038-8C1A1BFD21D1}.Debug|Any CPU.Build.0 = Debug|Any CPU
		{1025CA81-C302-30DD-8038-8C1A1BFD21D1}.Release|Any CPU.ActiveCfg = Release|Any CPU
		{1025CA81-C302-30DD-8038-8C1A1BFD21D1}.Release|Any CPU.Build.0 = Release|Any CPU
		{4F3B20AA-59BB-8D44-5B7A-758FF451B448}.Debug|Any CPU.ActiveCfg = Debug|Any CPU
		{4F3B20AA-59BB-8D44-5B7A-758FF451B448}.Debug|Any CPU.Build.0 = Debug|Any CPU
		{4F3B20AA-59BB-8D44-5B7A-758FF451B448}.Release|Any CPU.ActiveCfg = Release|Any CPU
		{4F3B20AA-59BB-8D44-5B7A-758FF451B448}.Release|Any CPU.Build.0 = Release|Any CPU
		{9EEE3AE0-6D9F-D337-6AE5-5B468883CF82}.Debug|Any CPU.ActiveCfg = Debug|Any CPU
		{9EEE3AE0-6D9F-D337-6AE5-5B468883CF82}.Debug|Any CPU.Build.0 = Debug|Any CPU
		{9EEE3AE0-6D9F-D337-6AE5-5B468883CF82}.Release|Any CPU.ActiveCfg = Release|Any CPU
		{9EEE3AE0-6D9F-D337-6AE5-5B468883CF82}.Release|Any CPU.Build.0 = Release|Any CPU
		{E8D6DA82-6581-5F5C-3188-7318D2719EBB}.Debug|Any CPU.ActiveCfg = Debug|Any CPU
		{E8D6DA82-6581-5F5C-3188-7318D2719EBB}.Debug|Any CPU.Build.0 = Debug|Any CPU
		{E8D6DA82-6581-5F5C-3188-7318D2719EBB}.Release|Any CPU.ActiveCfg = Release|Any CPU
		{E8D6DA82-6581-5F5C-3188-7318D2719EBB}.Release|Any CPU.Build.0 = Release|Any CPU
		{3F995679-D2E9-2E01-2364-F0D139273380}.Debug|Any CPU.ActiveCfg = Debug|Any CPU
		{3F995679-D2E9-2E01-2364-F0D139273380}.Debug|Any CPU.Build.0 = Debug|Any CPU
		{3F995679-D2E9-2E01-2364-F0D139273380}.Release|Any CPU.ActiveCfg = Release|Any CPU
		{3F995679-D2E9-2E01-2364-F0D139273380}.Release|Any CPU.Build.0 = Release|Any CPU
		{BB828DB3-E43F-5BC4-7BAA-5241C954B8D4}.Debug|Any CPU.ActiveCfg = Debug|Any CPU
		{BB828DB3-E43F-5BC4-7BAA-5241C954B8D4}.Debug|Any CPU.Build.0 = Debug|Any CPU
		{BB828DB3-E43F-5BC4-7BAA-5241C954B8D4}.Release|Any CPU.ActiveCfg = Release|Any CPU
		{BB828DB3-E43F-5BC4-7BAA-5241C954B8D4}.Release|Any CPU.Build.0 = Release|Any CPU
		{8F4A4127-174D-06B5-B83A-055436452C10}.Debug|Any CPU.ActiveCfg = Debug|Any CPU
		{8F4A4127-174D-06B5-B83A-055436452C10}.Debug|Any CPU.Build.0 = Debug|Any CPU
		{8F4A4127-174D-06B5-B83A-055436452C10}.Release|Any CPU.ActiveCfg = Release|Any CPU
		{8F4A4127-174D-06B5-B83A-055436452C10}.Release|Any CPU.Build.0 = Release|Any CPU
		{CF7C7C65-64D7-3DB6-693B-7A9A26358006}.Debug|Any CPU.ActiveCfg = Debug|Any CPU
		{CF7C7C65-64D7-3DB6-693B-7A9A26358006}.Debug|Any CPU.Build.0 = Debug|Any CPU
		{CF7C7C65-64D7-3DB6-693B-7A9A26358006}.Release|Any CPU.ActiveCfg = Release|Any CPU
		{CF7C7C65-64D7-3DB6-693B-7A9A26358006}.Release|Any CPU.Build.0 = Release|Any CPU
		{ED61770E-730D-7192-4A60-988CD78F88FE}.Debug|Any CPU.ActiveCfg = Debug|Any CPU
		{ED61770E-730D-7192-4A60-988CD78F88FE}.Debug|Any CPU.Build.0 = Debug|Any CPU
		{ED61770E-730D-7192-4A60-988CD78F88FE}.Release|Any CPU.ActiveCfg = Release|Any CPU
		{ED61770E-730D-7192-4A60-988CD78F88FE}.Release|Any CPU.Build.0 = Release|Any CPU
		{5842F4D3-D4D7-C736-FAE3-B4D013D7AB5C}.Debug|Any CPU.ActiveCfg = Debug|Any CPU
		{5842F4D3-D4D7-C736-FAE3-B4D013D7AB5C}.Debug|Any CPU.Build.0 = Debug|Any CPU
		{5842F4D3-D4D7-C736-FAE3-B4D013D7AB5C}.Release|Any CPU.ActiveCfg = Release|Any CPU
		{5842F4D3-D4D7-C736-FAE3-B4D013D7AB5C}.Release|Any CPU.Build.0 = Release|Any CPU
		{6E200938-8FA8-05B5-8153-4DECFC92B8BA}.Debug|Any CPU.ActiveCfg = Debug|Any CPU
		{6E200938-8FA8-05B5-8153-4DECFC92B8BA}.Debug|Any CPU.Build.0 = Debug|Any CPU
		{6E200938-8FA8-05B5-8153-4DECFC92B8BA}.Release|Any CPU.ActiveCfg = Release|Any CPU
		{6E200938-8FA8-05B5-8153-4DECFC92B8BA}.Release|Any CPU.Build.0 = Release|Any CPU
		{ECD500DA-333A-7345-58C7-C35FEA6BC51C}.Debug|Any CPU.ActiveCfg = Debug|Any CPU
		{ECD500DA-333A-7345-58C7-C35FEA6BC51C}.Debug|Any CPU.Build.0 = Debug|Any CPU
		{ECD500DA-333A-7345-58C7-C35FEA6BC51C}.Release|Any CPU.ActiveCfg = Release|Any CPU
		{ECD500DA-333A-7345-58C7-C35FEA6BC51C}.Release|Any CPU.Build.0 = Release|Any CPU
		{A6F7BFE3-277A-D813-F8D4-47E194526E39}.Debug|Any CPU.ActiveCfg = Debug|Any CPU
		{A6F7BFE3-277A-D813-F8D4-47E194526E39}.Debug|Any CPU.Build.0 = Debug|Any CPU
		{A6F7BFE3-277A-D813-F8D4-47E194526E39}.Release|Any CPU.ActiveCfg = Release|Any CPU
		{A6F7BFE3-277A-D813-F8D4-47E194526E39}.Release|Any CPU.Build.0 = Release|Any CPU
		{EAA3A662-D145-EE6D-0FB8-0E2CA3B05059}.Debug|Any CPU.ActiveCfg = Debug|Any CPU
		{EAA3A662-D145-EE6D-0FB8-0E2CA3B05059}.Debug|Any CPU.Build.0 = Debug|Any CPU
		{EAA3A662-D145-EE6D-0FB8-0E2CA3B05059}.Release|Any CPU.ActiveCfg = Release|Any CPU
		{EAA3A662-D145-EE6D-0FB8-0E2CA3B05059}.Release|Any CPU.Build.0 = Release|Any CPU
		{CA1F19AF-9733-BA70-27AD-B1C24E51B921}.Debug|Any CPU.ActiveCfg = Debug|Any CPU
		{CA1F19AF-9733-BA70-27AD-B1C24E51B921}.Debug|Any CPU.Build.0 = Debug|Any CPU
		{CA1F19AF-9733-BA70-27AD-B1C24E51B921}.Release|Any CPU.ActiveCfg = Release|Any CPU
		{CA1F19AF-9733-BA70-27AD-B1C24E51B921}.Release|Any CPU.Build.0 = Release|Any CPU
		{3B328D67-101E-FF76-ACDC-F54E8BB352C9}.Debug|Any CPU.ActiveCfg = Debug|Any CPU
		{3B328D67-101E-FF76-ACDC-F54E8BB352C9}.Debug|Any CPU.Build.0 = Debug|Any CPU
		{3B328D67-101E-FF76-ACDC-F54E8BB352C9}.Release|Any CPU.ActiveCfg = Release|Any CPU
		{3B328D67-101E-FF76-ACDC-F54E8BB352C9}.Release|Any CPU.Build.0 = Release|Any CPU
		{DE69C5F4-5CF9-8758-F707-39B20BD72467}.Debug|Any CPU.ActiveCfg = Debug|Any CPU
		{DE69C5F4-5CF9-8758-F707-39B20BD72467}.Debug|Any CPU.Build.0 = Debug|Any CPU
		{DE69C5F4-5CF9-8758-F707-39B20BD72467}.Release|Any CPU.ActiveCfg = Release|Any CPU
		{DE69C5F4-5CF9-8758-F707-39B20BD72467}.Release|Any CPU.Build.0 = Release|Any CPU
		{33BCD188-354B-73EB-DC48-CD612764BF63}.Debug|Any CPU.ActiveCfg = Debug|Any CPU
		{33BCD188-354B-73EB-DC48-CD612764BF63}.Debug|Any CPU.Build.0 = Debug|Any CPU
		{33BCD188-354B-73EB-DC48-CD612764BF63}.Release|Any CPU.ActiveCfg = Release|Any CPU
		{33BCD188-354B-73EB-DC48-CD612764BF63}.Release|Any CPU.Build.0 = Release|Any CPU
		{CC9C944E-4D4F-2A0E-DA3B-5B2662AE8892}.Debug|Any CPU.ActiveCfg = Debug|Any CPU
		{CC9C944E-4D4F-2A0E-DA3B-5B2662AE8892}.Debug|Any CPU.Build.0 = Debug|Any CPU
		{CC9C944E-4D4F-2A0E-DA3B-5B2662AE8892}.Release|Any CPU.ActiveCfg = Release|Any CPU
		{CC9C944E-4D4F-2A0E-DA3B-5B2662AE8892}.Release|Any CPU.Build.0 = Release|Any CPU
	EndGlobalSection
	GlobalSection(SolutionProperties) = preSolution
		HideSolutionNode = FALSE
	EndGlobalSection
EndGlobal
